{
  "name": "subtext",
  "version": "0.7.0",
  "lockfileVersion": 3,
  "requires": true,
  "packages": {
    "": {
      "name": "subtext",
      "version": "0.7.0",
      "devDependencies": {
        "@sightmap/sightmap": "0.14.0"
      }
    },
    "node_modules/@sightmap/sightmap": {
      "version": "0.14.0",
      "resolved": "https://registry.npmjs.org/@sightmap/sightmap/-/sightmap-0.14.0.tgz",
      "integrity": "sha512-yo4jNi8R/ATqaaErjvNar5Pdjx88z8jQaRJkGCD8lhG42lszsoTcZaYLedueOJ0FEz8Hfdx29/Ri8NLeEvUaUg==",
      "dev": true,
      "license": "MIT",
      "bin": {
        "sightmap": "bin/sightmap.js"
      },
      "engines": {
        "node": ">=18"
      },
      "optionalDependencies": {
        "@sightmap/sightmap-darwin-arm64": "0.14.0",
        "@sightmap/sightmap-darwin-x64": "0.14.0",
        "@sightmap/sightmap-linux-arm64": "0.14.0",
        "@sightmap/sightmap-linux-x64": "0.14.0",
        "@sightmap/sightmap-win32-arm64": "0.14.0",
        "@sightmap/sightmap-win32-x64": "0.14.0"
      }
    },
    "node_modules/@sightmap/sightmap-darwin-arm64": {
      "version": "0.14.0",
      "resolved": "https://registry.npmjs.org/@sightmap/sightmap-darwin-arm64/-/sightmap-darwin-arm64-0.14.0.tgz",
      "integrity": "sha512-xx7a0tVkv5l+kOW1uauAJpCO7OMiJVnci8KMmQ+x3YW9jn/jjwQi0SyMZYXH6MJkE+R7MUjedpLUKr7guEJZpw==",
      "cpu": [
        "arm64"
      ],
      "dev": true,
      "license": "MIT",
      "optional": true,
      "os": [
        "darwin"
      ]
    },
    "node_modules/@sightmap/sightmap-darwin-x64": {
      "version": "0.14.0",
      "resolved": "https://registry.npmjs.org/@sightmap/sightmap-darwin-x64/-/sightmap-darwin-x64-0.14.0.tgz",
      "integrity": "sha512-dtG24bDkyXbZrR3b5rKJhmTYfznTt0ZQUW9E+4Lg/P+gxANHtlGD+VNPGQBXcFbEGvaRhGdMG6IRSvEnw2wivA==",
      "cpu": [
        "x64"
      ],
      "dev": true,
      "license": "MIT",
      "optional": true,
      "os": [
        "darwin"
      ]
    },
    "node_modules/@sightmap/sightmap-linux-arm64": {
      "version": "0.14.0",
      "resolved": "https://registry.npmjs.org/@sightmap/sightmap-linux-arm64/-/sightmap-linux-arm64-0.14.0.tgz",
      "integrity": "sha512-eoOW7gXwj0H6UK9l5VqY1Oc6Q1NxlMWQ3KkkVro39I9+7sUS6d6uXR+BFYkfSAgiWfBvVrAps2pJOVN05m4hfg==",
      "cpu": [
        "arm64"
      ],
      "dev": true,
      "license": "MIT",
      "optional": true,
      "os": [
        "linux"
      ]
    },
    "node_modules/@sightmap/sightmap-linux-x64": {
      "version": "0.14.0",
      "resolved": "https://registry.npmjs.org/@sightmap/sightmap-linux-x64/-/sightmap-linux-x64-0.14.0.tgz",
      "integrity": "sha512-YAfxlwginpSBkPOQ2c0/TMrO3MBcbka3mwpOssuaZTbLbPZ1Iuflx1I5sdmK8uci7DnX2eOd7E8SVvegni4y5g==",
      "cpu": [
        "x64"
      ],
      "dev": true,
      "license": "MIT",
      "optional": true,
      "os": [
        "linux"
      ]
    },
    "node_modules/@sightmap/sightmap-win32-arm64": {
      "version": "0.14.0",
      "resolved": "https://registry.npmjs.org/@sightmap/sightmap-win32-arm64/-/sightmap-win32-arm64-0.14.0.tgz",
      "integrity": "sha512-34wKvzd+e0XfIAzACRwbg3P5EptefaKuIA6E47xy6fZ4jUn3P3I7eubg9CXHTsJnFN3UKIlAbIHyttkdmcrtWQ==",
      "cpu": [
        "arm64"
      ],
      "dev": true,
      "license": "MIT",
      "optional": true,
      "os": [
        "win32"
      ]
    },
    "node_modules/@sightmap/sightmap-win32-x64": {
      "version": "0.14.0",
      "resolved": "https://registry.npmjs.org/@sightmap/sightmap-win32-x64/-/sightmap-win32-x64-0.14.0.tgz",
      "integrity": "sha512-w27d7EFDTGB1zS7reDkKUP94u31fk6C7+RV7Asma3vuM+kZ0RzJAVr2CJSda4C+UKrPydBZ8ip78YdN72mRccQ==",
      "cpu": [
        "x64"
      ],
      "dev": true,
      "license": "MIT",
      "optional": true,
      "os": [
        "win32"
      ]
    }
  }
}
