{
  "name": "subtext",
  "version": "0.10.2",
  "lockfileVersion": 3,
  "requires": true,
  "packages": {
    "": {
      "name": "subtext",
      "version": "0.10.2",
      "devDependencies": {
        "@sightmap/sightmap": "^0.27.0"
      }
    },
    "node_modules/@sightmap/sightmap": {
      "version": "0.27.0",
      "resolved": "https://registry.npmjs.org/@sightmap/sightmap/-/sightmap-0.27.0.tgz",
      "integrity": "sha512-nzkF4fPTSZgh080wB+pISboCW1RPAlY/SeseGh525oZAvN73g0V5KueuhFUKM3KuOuTyLdRN1OsfpNu0IDHtwA==",
      "dev": true,
      "license": "MIT",
      "bin": {
        "sightmap": "bin/sightmap.js"
      },
      "engines": {
        "node": ">=18"
      },
      "optionalDependencies": {
        "@sightmap/sightmap-darwin-arm64": "0.27.0",
        "@sightmap/sightmap-darwin-x64": "0.27.0",
        "@sightmap/sightmap-linux-arm64": "0.27.0",
        "@sightmap/sightmap-linux-x64": "0.27.0",
        "@sightmap/sightmap-win32-arm64": "0.27.0",
        "@sightmap/sightmap-win32-x64": "0.27.0"
      }
    },
    "node_modules/@sightmap/sightmap-darwin-arm64": {
      "version": "0.27.0",
      "resolved": "https://registry.npmjs.org/@sightmap/sightmap-darwin-arm64/-/sightmap-darwin-arm64-0.27.0.tgz",
      "integrity": "sha512-G9bry0BzXcL2VD2rD1tHhHQ5xpCL4ZNWUeeni7HF/TuZKYd1lDn6fGMbYtU5KQswaYmoqU9hDhb1FsSUH3LOMg==",
      "cpu": [
        "arm64"
      ],
      "dev": true,
      "license": "MIT",
      "optional": true,
      "os": [
        "darwin"
      ]
    },
    "node_modules/@sightmap/sightmap-darwin-x64": {
      "version": "0.27.0",
      "resolved": "https://registry.npmjs.org/@sightmap/sightmap-darwin-x64/-/sightmap-darwin-x64-0.27.0.tgz",
      "integrity": "sha512-B96CDrJPu1Tv1WqCwZ57lOdCCztaihtZqHDrde9C3SVqcHpn8+JKYGp5x6xC0ohAmB/ygR5KUiltrSI8NHjmPA==",
      "cpu": [
        "x64"
      ],
      "dev": true,
      "license": "MIT",
      "optional": true,
      "os": [
        "darwin"
      ]
    },
    "node_modules/@sightmap/sightmap-linux-arm64": {
      "version": "0.27.0",
      "resolved": "https://registry.npmjs.org/@sightmap/sightmap-linux-arm64/-/sightmap-linux-arm64-0.27.0.tgz",
      "integrity": "sha512-iaMQchxXFlhwA4rMt8FKFVC/+767ghIIWAZxgxNQIr4uiYFTZVFtGb32zu3YOKhPeQ/o4mlSJqR7xuQGnwLvRA==",
      "cpu": [
        "arm64"
      ],
      "dev": true,
      "license": "MIT",
      "optional": true,
      "os": [
        "linux"
      ]
    },
    "node_modules/@sightmap/sightmap-linux-x64": {
      "version": "0.27.0",
      "resolved": "https://registry.npmjs.org/@sightmap/sightmap-linux-x64/-/sightmap-linux-x64-0.27.0.tgz",
      "integrity": "sha512-fp3L6cQS+TCM3aok80EzEgfgK1Z5pXV2Ube+LSZS22tuLEaP3RulmZ2sQJ+cqv3FlXFqKHtDoT/BfVRPiNxe8A==",
      "cpu": [
        "x64"
      ],
      "dev": true,
      "license": "MIT",
      "optional": true,
      "os": [
        "linux"
      ]
    },
    "node_modules/@sightmap/sightmap-win32-arm64": {
      "version": "0.27.0",
      "resolved": "https://registry.npmjs.org/@sightmap/sightmap-win32-arm64/-/sightmap-win32-arm64-0.27.0.tgz",
      "integrity": "sha512-1jj0/aTnRApeAEzRS7/EbmUQGDInX5rD2b28b8579iraqLKx5yhy8Yh/NRIoWFjzyTugLP7Z16vFtYvzwsfy4Q==",
      "cpu": [
        "arm64"
      ],
      "dev": true,
      "license": "MIT",
      "optional": true,
      "os": [
        "win32"
      ]
    },
    "node_modules/@sightmap/sightmap-win32-x64": {
      "version": "0.27.0",
      "resolved": "https://registry.npmjs.org/@sightmap/sightmap-win32-x64/-/sightmap-win32-x64-0.27.0.tgz",
      "integrity": "sha512-evdtWgwEJtV+8NaFL2d4hOmhMtVK42Exx/8KmVfkwzBW0/sPYrB/CTiw5YBMNvlm+IJbOXHPfdcGxoPBhs7e+A==",
      "cpu": [
        "x64"
      ],
      "dev": true,
      "license": "MIT",
      "optional": true,
      "os": [
        "win32"
      ]
    }
  }
}
